
Microsoft Visual Studio Solution File, Format Version 12.00
Project("{2150E333-8FDC-42A3-9474-1A3956D46DE8}") = "src", "src", "{83269742-E05D-4097-9F38-C140730AE3DC}"
EndProject
Project("{2150E333-8FDC-42A3-9474-1A3956D46DE8}") = "tests", "tests", "{4F068E91-3AD8-4C1C-91C2-F928C6C07914}"
EndProject
Project("{2150E333-8FDC-42A3-9474-1A3956D46DE8}") = "corePackages", "corePackages", "{3820A158-0A54-44CE-B3C2-0684119F97DF}"
EndProject
Project("{2150E333-8FDC-42A3-9474-1A3956D46DE8}") = "pdks", "pdks", "{382980C1-F0FD-42BE-B35F-3E4A3AA83828}"
EndProject
Project("{FAE04EC0-301F-11D3-BF4B-00C04F79EFBC}") = "Core.Application", "src\corePackages\Core.Application\Core.Application.csproj", "{3742744B-99A9-4190-BD95-FB4E761C3535}"
EndProject
Project("{FAE04EC0-301F-11D3-BF4B-00C04F79EFBC}") = "Core.Persistence", "src\corePackages\Core.Persistence\Core.Persistence.csproj", "{BA732D8E-A976-4AC3-9AB6-2D54DCB1583A}"
EndProject
Project("{FAE04EC0-301F-11D3-BF4B-00C04F79EFBC}") = "Core.Test", "src\corePackages\Core.Test\Core.Test.csproj", "{2680387E-AB64-4546-BC91-403B2AC9C330}"
EndProject
Project("{FAE04EC0-301F-11D3-BF4B-00C04F79EFBC}") = "Core.Mailing", "src\corePackages\Core.Mailing\Core.Mailing.csproj", "{AD372C53-A52D-4946-BF90-4D5FB241ECAF}"
EndProject
Project("{FAE04EC0-301F-11D3-BF4B-00C04F79EFBC}") = "Core.Security", "src\corePackages\Core.Security\Core.Security.csproj", "{F19D58C0-746C-42FF-9D9A-040F313590D6}"
EndProject
Project("{FAE04EC0-301F-11D3-BF4B-00C04F79EFBC}") = "Core.CrossCuttingConcerns", "src\corePackages\Core.CrossCuttingConcerns\Core.CrossCuttingConcerns.csproj", "{304EC8F9-0B71-4F21-A70F-C8765A930030}"
EndProject
Project("{FAE04EC0-301F-11D3-BF4B-00C04F79EFBC}") = "Application", "src\pdks\Application\Application.csproj", "{821F3C25-206A-4682-9A48-251A8CF7CEA7}"
EndProject
Project("{FAE04EC0-301F-11D3-BF4B-00C04F79EFBC}") = "Domain", "src\pdks\Domain\Domain.csproj", "{11FE42A6-2E69-4723-8E6F-F472CB711682}"
EndProject
Project("{FAE04EC0-301F-11D3-BF4B-00C04F79EFBC}") = "Infrastructure", "src\pdks\Infrastructure\Infrastructure.csproj", "{818161E1-CA88-4061-B991-D046C6368CD1}"
EndProject
Project("{FAE04EC0-301F-11D3-BF4B-00C04F79EFBC}") = "Persistence", "src\pdks\Persistence\Persistence.csproj", "{410F528D-E897-42E8-BA83-161AF6BC6E47}"
EndProject
Project("{FAE04EC0-301F-11D3-BF4B-00C04F79EFBC}") = "WebUi", "src\pdks\WebUi\WebUi.csproj", "{F1601E69-D49C-4B69-80BE-FA4226CD1221}"
EndProject
Project("{FAE04EC0-301F-11D3-BF4B-00C04F79EFBC}") = "Application.Tests", "Application.Tests\Application.Tests.csproj", "{25663A35-6CE2-4A97-ADA7-CF01AF04D194}"
EndProject
Global
	GlobalSection(SolutionConfigurationPlatforms) = preSolution
		Debug|Any CPU = Debug|Any CPU
		Release|Any CPU = Release|Any CPU
	EndGlobalSection
	GlobalSection(NestedProjects) = preSolution
		{3820A158-0A54-44CE-B3C2-0684119F97DF} = {83269742-E05D-4097-9F38-C140730AE3DC}
		{382980C1-F0FD-42BE-B35F-3E4A3AA83828} = {83269742-E05D-4097-9F38-C140730AE3DC}
		{3742744B-99A9-4190-BD95-FB4E761C3535} = {3820A158-0A54-44CE-B3C2-0684119F97DF}
		{BA732D8E-A976-4AC3-9AB6-2D54DCB1583A} = {3820A158-0A54-44CE-B3C2-0684119F97DF}
		{2680387E-AB64-4546-BC91-403B2AC9C330} = {3820A158-0A54-44CE-B3C2-0684119F97DF}
		{AD372C53-A52D-4946-BF90-4D5FB241ECAF} = {3820A158-0A54-44CE-B3C2-0684119F97DF}
		{F19D58C0-746C-42FF-9D9A-040F313590D6} = {3820A158-0A54-44CE-B3C2-0684119F97DF}
		{304EC8F9-0B71-4F21-A70F-C8765A930030} = {3820A158-0A54-44CE-B3C2-0684119F97DF}
		{821F3C25-206A-4682-9A48-251A8CF7CEA7} = {382980C1-F0FD-42BE-B35F-3E4A3AA83828}
		{11FE42A6-2E69-4723-8E6F-F472CB711682} = {382980C1-F0FD-42BE-B35F-3E4A3AA83828}
		{818161E1-CA88-4061-B991-D046C6368CD1} = {382980C1-F0FD-42BE-B35F-3E4A3AA83828}
		{410F528D-E897-42E8-BA83-161AF6BC6E47} = {382980C1-F0FD-42BE-B35F-3E4A3AA83828}
		{F1601E69-D49C-4B69-80BE-FA4226CD1221} = {382980C1-F0FD-42BE-B35F-3E4A3AA83828}
		{25663A35-6CE2-4A97-ADA7-CF01AF04D194} = {4F068E91-3AD8-4C1C-91C2-F928C6C07914}
	EndGlobalSection
	GlobalSection(ProjectConfigurationPlatforms) = postSolution
		{3742744B-99A9-4190-BD95-FB4E761C3535}.Debug|Any CPU.ActiveCfg = Debug|Any CPU
		{3742744B-99A9-4190-BD95-FB4E761C3535}.Debug|Any CPU.Build.0 = Debug|Any CPU
		{3742744B-99A9-4190-BD95-FB4E761C3535}.Release|Any CPU.ActiveCfg = Release|Any CPU
		{3742744B-99A9-4190-BD95-FB4E761C3535}.Release|Any CPU.Build.0 = Release|Any CPU
		{BA732D8E-A976-4AC3-9AB6-2D54DCB1583A}.Debug|Any CPU.ActiveCfg = Debug|Any CPU
		{BA732D8E-A976-4AC3-9AB6-2D54DCB1583A}.Debug|Any CPU.Build.0 = Debug|Any CPU
		{BA732D8E-A976-4AC3-9AB6-2D54DCB1583A}.Release|Any CPU.ActiveCfg = Release|Any CPU
		{BA732D8E-A976-4AC3-9AB6-2D54DCB1583A}.Release|Any CPU.Build.0 = Release|Any CPU
		{2680387E-AB64-4546-BC91-403B2AC9C330}.Debug|Any CPU.ActiveCfg = Debug|Any CPU
		{2680387E-AB64-4546-BC91-403B2AC9C330}.Debug|Any CPU.Build.0 = Debug|Any CPU
		{2680387E-AB64-4546-BC91-403B2AC9C330}.Release|Any CPU.ActiveCfg = Release|Any CPU
		{2680387E-AB64-4546-BC91-403B2AC9C330}.Release|Any CPU.Build.0 = Release|Any CPU
		{AD372C53-A52D-4946-BF90-4D5FB241ECAF}.Debug|Any CPU.ActiveCfg = Debug|Any CPU
		{AD372C53-A52D-4946-BF90-4D5FB241ECAF}.Debug|Any CPU.Build.0 = Debug|Any CPU
		{AD372C53-A52D-4946-BF90-4D5FB241ECAF}.Release|Any CPU.ActiveCfg = Release|Any CPU
		{AD372C53-A52D-4946-BF90-4D5FB241ECAF}.Release|Any CPU.Build.0 = Release|Any CPU
		{F19D58C0-746C-42FF-9D9A-040F313590D6}.Debug|Any CPU.ActiveCfg = Debug|Any CPU
		{F19D58C0-746C-42FF-9D9A-040F313590D6}.Debug|Any CPU.Build.0 = Debug|Any CPU
		{F19D58C0-746C-42FF-9D9A-040F313590D6}.Release|Any CPU.ActiveCfg = Release|Any CPU
		{F19D58C0-746C-42FF-9D9A-040F313590D6}.Release|Any CPU.Build.0 = Release|Any CPU
		{304EC8F9-0B71-4F21-A70F-C8765A930030}.Debug|Any CPU.ActiveCfg = Debug|Any CPU
		{304EC8F9-0B71-4F21-A70F-C8765A930030}.Debug|Any CPU.Build.0 = Debug|Any CPU
		{304EC8F9-0B71-4F21-A70F-C8765A930030}.Release|Any CPU.ActiveCfg = Release|Any CPU
		{304EC8F9-0B71-4F21-A70F-C8765A930030}.Release|Any CPU.Build.0 = Release|Any CPU
		{821F3C25-206A-4682-9A48-251A8CF7CEA7}.Debug|Any CPU.ActiveCfg = Debug|Any CPU
		{821F3C25-206A-4682-9A48-251A8CF7CEA7}.Debug|Any CPU.Build.0 = Debug|Any CPU
		{821F3C25-206A-4682-9A48-251A8CF7CEA7}.Release|Any CPU.ActiveCfg = Release|Any CPU
		{821F3C25-206A-4682-9A48-251A8CF7CEA7}.Release|Any CPU.Build.0 = Release|Any CPU
		{11FE42A6-2E69-4723-8E6F-F472CB711682}.Debug|Any CPU.ActiveCfg = Debug|Any CPU
		{11FE42A6-2E69-4723-8E6F-F472CB711682}.Debug|Any CPU.Build.0 = Debug|Any CPU
		{11FE42A6-2E69-4723-8E6F-F472CB711682}.Release|Any CPU.ActiveCfg = Release|Any CPU
		{11FE42A6-2E69-4723-8E6F-F472CB711682}.Release|Any CPU.Build.0 = Release|Any CPU
		{818161E1-CA88-4061-B991-D046C6368CD1}.Debug|Any CPU.ActiveCfg = Debug|Any CPU
		{818161E1-CA88-4061-B991-D046C6368CD1}.Debug|Any CPU.Build.0 = Debug|Any CPU
		{818161E1-CA88-4061-B991-D046C6368CD1}.Release|Any CPU.ActiveCfg = Release|Any CPU
		{818161E1-CA88-4061-B991-D046C6368CD1}.Release|Any CPU.Build.0 = Release|Any CPU
		{410F528D-E897-42E8-BA83-161AF6BC6E47}.Debug|Any CPU.ActiveCfg = Debug|Any CPU
		{410F528D-E897-42E8-BA83-161AF6BC6E47}.Debug|Any CPU.Build.0 = Debug|Any CPU
		{410F528D-E897-42E8-BA83-161AF6BC6E47}.Release|Any CPU.ActiveCfg = Release|Any CPU
		{410F528D-E897-42E8-BA83-161AF6BC6E47}.Release|Any CPU.Build.0 = Release|Any CPU
		{F1601E69-D49C-4B69-80BE-FA4226CD1221}.Debug|Any CPU.ActiveCfg = Debug|Any CPU
		{F1601E69-D49C-4B69-80BE-FA4226CD1221}.Debug|Any CPU.Build.0 = Debug|Any CPU
		{F1601E69-D49C-4B69-80BE-FA4226CD1221}.Release|Any CPU.ActiveCfg = Release|Any CPU
		{F1601E69-D49C-4B69-80BE-FA4226CD1221}.Release|Any CPU.Build.0 = Release|Any CPU
		{25663A35-6CE2-4A97-ADA7-CF01AF04D194}.Debug|Any CPU.ActiveCfg = Debug|Any CPU
		{25663A35-6CE2-4A97-ADA7-CF01AF04D194}.Debug|Any CPU.Build.0 = Debug|Any CPU
		{25663A35-6CE2-4A97-ADA7-CF01AF04D194}.Release|Any CPU.ActiveCfg = Release|Any CPU
		{25663A35-6CE2-4A97-ADA7-CF01AF04D194}.Release|Any CPU.Build.0 = Release|Any CPU
	EndGlobalSection
EndGlobal
